
Microsoft Visual Studio Solution File, Format Version 12.00
# Visual Studio Version 16
VisualStudioVersion = 16.0.31729.503
MinimumVisualStudioVersion = 10.0.40219.1
Project("{FAE04EC0-301F-11D3-BF4B-00C04F79EFBC}") = "ClassLibrary", "ClassLibrary\ClassLibrary.csproj", "{C527C581-B476-4E75-8620-804D5608BB31}"
EndProject
Project("{FAE04EC0-301F-11D3-BF4B-00C04F79EFBC}") = "UI", "UI\UI.csproj", "{024736FC-679C-4FAB-96A7-84D67807401C}"
EndProject
Global
	GlobalSection(SolutionConfigurationPlatforms) = preSolution
		Debug|Any CPU = Debug|Any CPU
		Release|Any CPU = Release|Any CPU
	EndGlobalSection
	GlobalSection(ProjectConfigurationPlatforms) = postSolution
		{C527C581-B476-4E75-8620-804D5608BB31}.Debug|Any CPU.ActiveCfg = Debug|Any CPU
		{C527C581-B476-4E75-8620-804D5608BB31}.Debug|Any CPU.Build.0 = Debug|Any CPU
		{C527C581-B476-4E75-8620-804D5608BB31}.Release|Any CPU.ActiveCfg = Release|Any CPU
		{C527C581-B476-4E75-8620-804D5608BB31}.Release|Any CPU.Build.0 = Release|Any CPU
		{024736FC-679C-4FAB-96A7-84D67807401C}.Debug|Any CPU.ActiveCfg = Debug|Any CPU
		{024736FC-679C-4FAB-96A7-84D67807401C}.Debug|Any CPU.Build.0 = Debug|Any CPU
		{024736FC-679C-4FAB-96A7-84D67807401C}.Release|Any CPU.ActiveCfg = Release|Any CPU
		{024736FC-679C-4FAB-96A7-84D67807401C}.Release|Any CPU.Build.0 = Release|Any CPU
	EndGlobalSection
	GlobalSection(SolutionProperties) = preSolution
		HideSolutionNode = FALSE
	EndGlobalSection
	GlobalSection(ExtensibilityGlobals) = postSolution
		SolutionGuid = {AEA9D159-6240-4933-B4E8-F764E1064B87}
	EndGlobalSection
EndGlobal
